// !$*UTF8*$!
{
	archiveVersion = 1;
	classes = {
	};
	objectVersion = 48;
	objects = {

/* Begin PBXBuildFile section */
		3653EDAB1FC5FFDC0065ED9F /* AppDelegate.m in Sources */ = {isa = PBXBuildFile; fileRef = 3653EDAA1FC5FFDC0065ED9F /* AppDelegate.m */; };
		3653EDAE1FC5FFDC0065ED9F /* ViewController.m in Sources */ = {isa = PBXBuildFile; fileRef = 3653EDAD1FC5FFDC0065ED9F /* ViewController.m */; };
		3653EDB31FC5FFDC0065ED9F /* Assets.xcassets in Resources */ = {isa = PBXBuildFile; fileRef = 3653EDB21FC5FFDC0065ED9F /* Assets.xcassets */; };
		3653EDB61FC5FFDC0065ED9F /* LaunchScreen.storyboard in Resources */ = {isa = PBXBuildFile; fileRef = 3653EDB41FC5FFDC0065ED9F /* LaunchScreen.storyboard */; };
		3653EDB91FC5FFDC0065ED9F /* main.m in Sources */ = {isa = PBXBuildFile; fileRef = 3653EDB81FC5FFDC0065ED9F /* main.m */; };
		3653EDC31FC5FFDC0065ED9F /* WannaEat_Tests.m in Sources */ = {isa = PBXBuildFile; fileRef = 3653EDC21FC5FFDC0065ED9F /* WannaEat_Tests.m */; };
		3653EDCE1FC5FFDC0065ED9F /* WannaEat_UITests.m in Sources */ = {isa = PBXBuildFile; fileRef = 3653EDCD1FC5FFDC0065ED9F /* WannaEat_UITests.m */; };
		365D52061FD803E500D458CA /* MethodViewController.m in Sources */ = {isa = PBXBuildFile; fileRef = 365D52051FD803E500D458CA /* MethodViewController.m */; };
		365D52091FD8048A00D458CA /* WebKit.framework in Frameworks */ = {isa = PBXBuildFile; fileRef = 365D52081FD8047300D458CA /* WebKit.framework */; };
		3661D5921FCC1F8D00DF413C /* FullRecipeViewController.m in Sources */ = {isa = PBXBuildFile; fileRef = 3661D5911FCC1F8D00DF413C /* FullRecipeViewController.m */; };
		3684E79C1FC7073500F43636 /* energy-food.jpg in Resources */ = {isa = PBXBuildFile; fileRef = 3684E79B1FC7073500F43636 /* energy-food.jpg */; };
		3684E7AB1FC70B3F00F43636 /* MainViewController.m in Sources */ = {isa = PBXBuildFile; fileRef = 3684E7AA1FC70B3F00F43636 /* MainViewController.m */; };
		3684E7AE1FC70B8700F43636 /* recipe.m in Sources */ = {isa = PBXBuildFile; fileRef = 3684E7AD1FC70B8700F43636 /* recipe.m */; };
		3684E7F21FC7102800F43636 /* SBJSON.m in Sources */ = {isa = PBXBuildFile; fileRef = 3684E7E61FC7102200F43636 /* SBJSON.m */; };
		3684E7F31FC7102800F43636 /* SBJsonBase.m in Sources */ = {isa = PBXBuildFile; fileRef = 3684E7E81FC7102300F43636 /* SBJsonBase.m */; };
		3684E7F41FC7102800F43636 /* SBJsonParser.m in Sources */ = {isa = PBXBuildFile; fileRef = 3684E7EA1FC7102400F43636 /* SBJsonParser.m */; };
		3684E7F51FC7102800F43636 /* SBJsonWriter.m in Sources */ = {isa = PBXBuildFile; fileRef = 3684E7EB1FC7102500F43636 /* SBJsonWriter.m */; };
		3684E7F61FC7102800F43636 /* NSString+SBJSON.m in Sources */ = {isa = PBXBuildFile; fileRef = 3684E7ED1FC7102600F43636 /* NSString+SBJSON.m */; };
		3684E7F71FC7102800F43636 /* NSObject+SBJSON.m in Sources */ = {isa = PBXBuildFile; fileRef = 3684E7F01FC7102700F43636 /* NSObject+SBJSON.m */; };
		3684E7FA1FC7106B00F43636 /* MainTableViewController.m in Sources */ = {isa = PBXBuildFile; fileRef = 3684E7F91FC7106B00F43636 /* MainTableViewController.m */; };
		3684E81B1FC71C8700F43636 /* restaurant.png in Resources */ = {isa = PBXBuildFile; fileRef = 3684E81A1FC71C8300F43636 /* restaurant.png */; };
		3684E8231FC720A600F43636 /* myJson.m in Sources */ = {isa = PBXBuildFile; fileRef = 3684E8211FC720A500F43636 /* myJson.m */; };
		3684E8251FC74E1500F43636 /* Main.storyboard in Resources */ = {isa = PBXBuildFile; fileRef = 3684E8241FC74E1400F43636 /* Main.storyboard */; };
/* End PBXBuildFile section */

/* Begin PBXContainerItemProxy section */
		3653EDBF1FC5FFDC0065ED9F /* PBXContainerItemProxy */ = {
			isa = PBXContainerItemProxy;
			containerPortal = 3653ED9E1FC5FFDB0065ED9F /* Project object */;
			proxyType = 1;
			remoteGlobalIDString = 3653EDA51FC5FFDB0065ED9F;
			remoteInfo = "WannaEat?";
		};
		3653EDCA1FC5FFDC0065ED9F /* PBXContainerItemProxy */ = {
			isa = PBXContainerItemProxy;
			containerPortal = 3653ED9E1FC5FFDB0065ED9F /* Project object */;
			proxyType = 1;
			remoteGlobalIDString = 3653EDA51FC5FFDB0065ED9F;
			remoteInfo = "WannaEat?";
		};
/* End PBXContainerItemProxy section */

/* Begin PBXFileReference section */
		3653EDA61FC5FFDC0065ED9F /* WannaEat?.app */ = {isa = PBXFileReference; explicitFileType = wrapper.application; includeInIndex = 0; path = "WannaEat?.app"; sourceTree = BUILT_PRODUCTS_DIR; };
		3653EDA91FC5FFDC0065ED9F /* AppDelegate.h */ = {isa = PBXFileReference; lastKnownFileType = sourcecode.c.h; path = AppDelegate.h; sourceTree = "<group>"; };
		3653EDAA1FC5FFDC0065ED9F /* AppDelegate.m */ = {isa = PBXFileReference; lastKnownFileType = sourcecode.c.objc; path = AppDelegate.m; sourceTree = "<group>"; };
		3653EDAC1FC5FFDC0065ED9F /* ViewController.h */ = {isa = PBXFileReference; lastKnownFileType = sourcecode.c.h; path = ViewController.h; sourceTree = "<group>"; };
		3653EDAD1FC5FFDC0065ED9F /* ViewController.m */ = {isa = PBXFileReference; lastKnownFileType = sourcecode.c.objc; path = ViewController.m; sourceTree = "<group>"; };
		3653EDB21FC5FFDC0065ED9F /* Assets.xcassets */ = {isa = PBXFileReference; lastKnownFileType = folder.assetcatalog; path = Assets.xcassets; sourceTree = "<group>"; };
		3653EDB51FC5FFDC0065ED9F /* Base */ = {isa = PBXFileReference; lastKnownFileType = file.storyboard; name = Base; path = Base.lproj/LaunchScreen.storyboard; sourceTree = "<group>"; };
		3653EDB71FC5FFDC0065ED9F /* Info.plist */ = {isa = PBXFileReference; lastKnownFileType = text.plist.xml; path = Info.plist; sourceTree = "<group>"; };
		3653EDB81FC5FFDC0065ED9F /* main.m */ = {isa = PBXFileReference; lastKnownFileType = sourcecode.c.objc; path = main.m; sourceTree = "<group>"; };
		3653EDBE1FC5FFDC0065ED9F /* WannaEat?Tests.xctest */ = {isa = PBXFileReference; explicitFileType = wrapper.cfbundle; includeInIndex = 0; path = "WannaEat?Tests.xctest"; sourceTree = BUILT_PRODUCTS_DIR; };
		3653EDC21FC5FFDC0065ED9F /* WannaEat_Tests.m */ = {isa = PBXFileReference; lastKnownFileType = sourcecode.c.objc; path = WannaEat_Tests.m; sourceTree = "<group>"; };
		3653EDC41FC5FFDC0065ED9F /* Info.plist */ = {isa = PBXFileReference; lastKnownFileType = text.plist.xml; path = Info.plist; sourceTree = "<group>"; };
		3653EDC91FC5FFDC0065ED9F /* WannaEat?UITests.xctest */ = {isa = PBXFileReference; explicitFileType = wrapper.cfbundle; includeInIndex = 0; path = "WannaEat?UITests.xctest"; sourceTree = BUILT_PRODUCTS_DIR; };
		3653EDCD1FC5FFDC0065ED9F /* WannaEat_UITests.m */ = {isa = PBXFileReference; lastKnownFileType = sourcecode.c.objc; path = WannaEat_UITests.m; sourceTree = "<group>"; };
		3653EDCF1FC5FFDC0065ED9F /* Info.plist */ = {isa = PBXFileReference; lastKnownFileType = text.plist.xml; path = Info.plist; sourceTree = "<group>"; };
		365D52041FD803E500D458CA /* MethodViewController.h */ = {isa = PBXFileReference; lastKnownFileType = sourcecode.c.h; path = MethodViewController.h; sourceTree = "<group>"; };
		365D52051FD803E500D458CA /* MethodViewController.m */ = {isa = PBXFileReference; lastKnownFileType = sourcecode.c.objc; path = MethodViewController.m; sourceTree = "<group>"; };
		365D52081FD8047300D458CA /* WebKit.framework */ = {isa = PBXFileReference; lastKnownFileType = wrapper.framework; name = WebKit.framework; path = System/Library/Frameworks/WebKit.framework; sourceTree = SDKROOT; };
		3661D5901FCC1F8D00DF413C /* FullRecipeViewController.h */ = {isa = PBXFileReference; lastKnownFileType = sourcecode.c.h; path = FullRecipeViewController.h; sourceTree = "<group>"; };
		3661D5911FCC1F8D00DF413C /* FullRecipeViewController.m */ = {isa = PBXFileReference; lastKnownFileType = sourcecode.c.objc; path = FullRecipeViewController.m; sourceTree = "<group>"; };
		3684E79B1FC7073500F43636 /* energy-food.jpg */ = {isa = PBXFileReference; lastKnownFileType = image.jpeg; path = "energy-food.jpg"; sourceTree = "<group>"; };
		3684E7A91FC70B3F00F43636 /* MainViewController.h */ = {isa = PBXFileReference; lastKnownFileType = sourcecode.c.h; path = MainViewController.h; sourceTree = "<group>"; };
		3684E7AA1FC70B3F00F43636 /* MainViewController.m */ = {isa = PBXFileReference; lastKnownFileType = sourcecode.c.objc; path = MainViewController.m; sourceTree = "<group>"; };
		3684E7AC1FC70B8700F43636 /* recipe.h */ = {isa = PBXFileReference; lastKnownFileType = sourcecode.c.h; path = recipe.h; sourceTree = "<group>"; };
		3684E7AD1FC70B8700F43636 /* recipe.m */ = {isa = PBXFileReference; lastKnownFileType = sourcecode.c.objc; path = recipe.m; sourceTree = "<group>"; };
		3684E7E51FC7102200F43636 /* NSString+SBJSON.h */ = {isa = PBXFileReference; fileEncoding = 4; lastKnownFileType = sourcecode.c.h; path = "NSString+SBJSON.h"; sourceTree = "<group>"; };
		3684E7E61FC7102200F43636 /* SBJSON.m */ = {isa = PBXFileReference; fileEncoding = 4; lastKnownFileType = sourcecode.c.objc; path = SBJSON.m; sourceTree = "<group>"; };
		3684E7E71FC7102300F43636 /* SBJsonBase.h */ = {isa = PBXFileReference; fileEncoding = 4; lastKnownFileType = sourcecode.c.h; path = SBJsonBase.h; sourceTree = "<group>"; };
		3684E7E81FC7102300F43636 /* SBJsonBase.m */ = {isa = PBXFileReference; fileEncoding = 4; lastKnownFileType = sourcecode.c.objc; path = SBJsonBase.m; sourceTree = "<group>"; };
		3684E7E91FC7102400F43636 /* NSObject+SBJSON.h */ = {isa = PBXFileReference; fileEncoding = 4; lastKnownFileType = sourcecode.c.h; path = "NSObject+SBJSON.h"; sourceTree = "<group>"; };
		3684E7EA1FC7102400F43636 /* SBJsonParser.m */ = {isa = PBXFileReference; fileEncoding = 4; lastKnownFileType = sourcecode.c.objc; path = SBJsonParser.m; sourceTree = "<group>"; };
		3684E7EB1FC7102500F43636 /* SBJsonWriter.m */ = {isa = PBXFileReference; fileEncoding = 4; lastKnownFileType = sourcecode.c.objc; path = SBJsonWriter.m; sourceTree = "<group>"; };
		3684E7EC1FC7102500F43636 /* JSON.h */ = {isa = PBXFileReference; fileEncoding = 4; lastKnownFileType = sourcecode.c.h; path = JSON.h; sourceTree = "<group>"; };
		3684E7ED1FC7102600F43636 /* NSString+SBJSON.m */ = {isa = PBXFileReference; fileEncoding = 4; lastKnownFileType = sourcecode.c.objc; path = "NSString+SBJSON.m"; sourceTree = "<group>"; };
		3684E7EE1FC7102600F43636 /* SBJSON.h */ = {isa = PBXFileReference; fileEncoding = 4; lastKnownFileType = sourcecode.c.h; path = SBJSON.h; sourceTree = "<group>"; };
		3684E7EF1FC7102700F43636 /* SBJsonParser.h */ = {isa = PBXFileReference; fileEncoding = 4; lastKnownFileType = sourcecode.c.h; path = SBJsonParser.h; sourceTree = "<group>"; };
		3684E7F01FC7102700F43636 /* NSObject+SBJSON.m */ = {isa = PBXFileReference; fileEncoding = 4; lastKnownFileType = sourcecode.c.objc; path = "NSObject+SBJSON.m"; sourceTree = "<group>"; };
		3684E7F11FC7102800F43636 /* SBJsonWriter.h */ = {isa = PBXFileReference; fileEncoding = 4; lastKnownFileType = sourcecode.c.h; path = SBJsonWriter.h; sourceTree = "<group>"; };
		3684E7F81FC7106B00F43636 /* MainTableViewController.h */ = {isa = PBXFileReference; lastKnownFileType = sourcecode.c.h; path = MainTableViewController.h; sourceTree = "<group>"; };
		3684E7F91FC7106B00F43636 /* MainTableViewController.m */ = {isa = PBXFileReference; lastKnownFileType = sourcecode.c.objc; path = MainTableViewController.m; sourceTree = "<group>"; };
		3684E81A1FC71C8300F43636 /* restaurant.png */ = {isa = PBXFileReference; lastKnownFileType = image.png; path = restaurant.png; sourceTree = "<group>"; };
		3684E8211FC720A500F43636 /* myJson.m */ = {isa = PBXFileReference; fileEncoding = 4; lastKnownFileType = sourcecode.c.objc; path = myJson.m; sourceTree = "<group>"; };
		3684E8221FC720A600F43636 /* myJson.h */ = {isa = PBXFileReference; fileEncoding = 4; lastKnownFileType = sourcecode.c.h; path = myJson.h; sourceTree = "<group>"; };
		3684E8241FC74E1400F43636 /* Main.storyboard */ = {isa = PBXFileReference; fileEncoding = 4; lastKnownFileType = file.storyboard; path = Main.storyboard; sourceTree = "<group>"; };
/* End PBXFileReference section */

/* Begin PBXFrameworksBuildPhase section */
		3653EDA31FC5FFDB0065ED9F /* Frameworks */ = {
			isa = PBXFrameworksBuildPhase;
			buildActionMask = 2147483647;
			files = (
				365D52091FD8048A00D458CA /* WebKit.framework in Frameworks */,
			);
			runOnlyForDeploymentPostprocessing = 0;
		};
		3653EDBB1FC5FFDC0065ED9F /* Frameworks */ = {
			isa = PBXFrameworksBuildPhase;
			buildActionMask = 2147483647;
			files = (
			);
			runOnlyForDeploymentPostprocessing = 0;
		};
		3653EDC61FC5FFDC0065ED9F /* Frameworks */ = {
			isa = PBXFrameworksBuildPhase;
			buildActionMask = 2147483647;
			files = (
			);
			runOnlyForDeploymentPostprocessing = 0;
		};
/* End PBXFrameworksBuildPhase section */

/* Begin PBXGroup section */
		3653ED9D1FC5FFDB0065ED9F = {
			isa = PBXGroup;
			children = (
				3653EDA81FC5FFDC0065ED9F /* WannaEat? */,
				3653EDC11FC5FFDC0065ED9F /* WannaEat?Tests */,
				3653EDCC1FC5FFDC0065ED9F /* WannaEat?UITests */,
				3653EDA71FC5FFDC0065ED9F /* Products */,
				365D52071FD8047200D458CA /* Frameworks */,
			);
			sourceTree = "<group>";
		};
		3653EDA71FC5FFDC0065ED9F /* Products */ = {
			isa = PBXGroup;
			children = (
				3653EDA61FC5FFDC0065ED9F /* WannaEat?.app */,
				3653EDBE1FC5FFDC0065ED9F /* WannaEat?Tests.xctest */,
				3653EDC91FC5FFDC0065ED9F /* WannaEat?UITests.xctest */,
			);
			name = Products;
			sourceTree = "<group>";
		};
		3653EDA81FC5FFDC0065ED9F /* WannaEat? */ = {
			isa = PBXGroup;
			children = (
				3684E8201FC7209900F43636 /* JSON-Url */,
				3684E7E41FC70FF500F43636 /* JSON */,
				3653EDA91FC5FFDC0065ED9F /* AppDelegate.h */,
				3653EDAA1FC5FFDC0065ED9F /* AppDelegate.m */,
				3684E8241FC74E1400F43636 /* Main.storyboard */,
				3653EDAC1FC5FFDC0065ED9F /* ViewController.h */,
				3653EDAD1FC5FFDC0065ED9F /* ViewController.m */,
				3684E7A91FC70B3F00F43636 /* MainViewController.h */,
				3661D5901FCC1F8D00DF413C /* FullRecipeViewController.h */,
				3661D5911FCC1F8D00DF413C /* FullRecipeViewController.m */,
				365D52041FD803E500D458CA /* MethodViewController.h */,
				365D52051FD803E500D458CA /* MethodViewController.m */,
				3684E7AA1FC70B3F00F43636 /* MainViewController.m */,
				3684E7F81FC7106B00F43636 /* MainTableViewController.h */,
				3684E7F91FC7106B00F43636 /* MainTableViewController.m */,
				3684E7AC1FC70B8700F43636 /* recipe.h */,
				3684E7AD1FC70B8700F43636 /* recipe.m */,
				3653EDB21FC5FFDC0065ED9F /* Assets.xcassets */,
				3653EDB41FC5FFDC0065ED9F /* LaunchScreen.storyboard */,
				3653EDB71FC5FFDC0065ED9F /* Info.plist */,
				3653EDB81FC5FFDC0065ED9F /* main.m */,
				3684E79B1FC7073500F43636 /* energy-food.jpg */,
				3684E81A1FC71C8300F43636 /* restaurant.png */,
			);
			path = "WannaEat?";
			sourceTree = "<group>";
		};
		3653EDC11FC5FFDC0065ED9F /* WannaEat?Tests */ = {
			isa = PBXGroup;
			children = (
				3653EDC21FC5FFDC0065ED9F /* WannaEat_Tests.m */,
				3653EDC41FC5FFDC0065ED9F /* Info.plist */,
			);
			path = "WannaEat?Tests";
			sourceTree = "<group>";
		};
		3653EDCC1FC5FFDC0065ED9F /* WannaEat?UITests */ = {
			isa = PBXGroup;
			children = (
				3653EDCD1FC5FFDC0065ED9F /* WannaEat_UITests.m */,
				3653EDCF1FC5FFDC0065ED9F /* Info.plist */,
			);
			path = "WannaEat?UITests";
			sourceTree = "<group>";
		};
		365D52071FD8047200D458CA /* Frameworks */ = {
			isa = PBXGroup;
			children = (
				365D52081FD8047300D458CA /* WebKit.framework */,
			);
			name = Frameworks;
			sourceTree = "<group>";
		};
		3684E7E41FC70FF500F43636 /* JSON */ = {
			isa = PBXGroup;
			children = (
				3684E7EC1FC7102500F43636 /* JSON.h */,
				3684E7E91FC7102400F43636 /* NSObject+SBJSON.h */,
				3684E7F01FC7102700F43636 /* NSObject+SBJSON.m */,
				3684E7E51FC7102200F43636 /* NSString+SBJSON.h */,
				3684E7ED1FC7102600F43636 /* NSString+SBJSON.m */,
				3684E7EE1FC7102600F43636 /* SBJSON.h */,
				3684E7E61FC7102200F43636 /* SBJSON.m */,
				3684E7E71FC7102300F43636 /* SBJsonBase.h */,
				3684E7E81FC7102300F43636 /* SBJsonBase.m */,
				3684E7EF1FC7102700F43636 /* SBJsonParser.h */,
				3684E7EA1FC7102400F43636 /* SBJsonParser.m */,
				3684E7F11FC7102800F43636 /* SBJsonWriter.h */,
				3684E7EB1FC7102500F43636 /* SBJsonWriter.m */,
			);
			path = JSON;
			sourceTree = "<group>";
		};
		3684E8201FC7209900F43636 /* JSON-Url */ = {
			isa = PBXGroup;
			children = (
				3684E8221FC720A600F43636 /* myJson.h */,
				3684E8211FC720A500F43636 /* myJson.m */,
			);
			path = "JSON-Url";
			sourceTree = "<group>";
		};
/* End PBXGroup section */

/* Begin PBXNativeTarget section */
		3653EDA51FC5FFDB0065ED9F /* WannaEat? */ = {
			isa = PBXNativeTarget;
			buildConfigurationList = 3653EDD21FC5FFDC0065ED9F /* Build configuration list for PBXNativeTarget "WannaEat?" */;
			buildPhases = (
				3653EDA21FC5FFDB0065ED9F /* Sources */,
				3653EDA31FC5FFDB0065ED9F /* Frameworks */,
				3653EDA41FC5FFDB0065ED9F /* Resources */,
			);
			buildRules = (
			);
			dependencies = (
			);
			name = "WannaEat?";
			productName = "WannaEat?";
			productReference = 3653EDA61FC5FFDC0065ED9F /* WannaEat?.app */;
			productType = "com.apple.product-type.application";
		};
		3653EDBD1FC5FFDC0065ED9F /* WannaEat?Tests */ = {
			isa = PBXNativeTarget;
			buildConfigurationList = 3653EDD51FC5FFDC0065ED9F /* Build configuration list for PBXNativeTarget "WannaEat?Tests" */;
			buildPhases = (
				3653EDBA1FC5FFDC0065ED9F /* Sources */,
				3653EDBB1FC5FFDC0065ED9F /* Frameworks */,
				3653EDBC1FC5FFDC0065ED9F /* Resources */,
			);
			buildRules = (
			);
			dependencies = (
				3653EDC01FC5FFDC0065ED9F /* PBXTargetDependency */,
			);
			name = "WannaEat?Tests";
			productName = "WannaEat?Tests";
			productReference = 3653EDBE1FC5FFDC0065ED9F /* WannaEat?Tests.xctest */;
			productType = "com.apple.product-type.bundle.unit-test";
		};
		3653EDC81FC5FFDC0065ED9F /* WannaEat?UITests */ = {
			isa = PBXNativeTarget;
			buildConfigurationList = 3653EDD81FC5FFDC0065ED9F /* Build configuration list for PBXNativeTarget "WannaEat?UITests" */;
			buildPhases = (
				3653EDC51FC5FFDC0065ED9F /* Sources */,
				3653EDC61FC5FFDC0065ED9F /* Frameworks */,
				3653EDC71FC5FFDC0065ED9F /* Resources */,
			);
			buildRules = (
			);
			dependencies = (
				3653EDCB1FC5FFDC0065ED9F /* PBXTargetDependency */,
			);
			name = "WannaEat?UITests";
			productName = "WannaEat?UITests";
			productReference = 3653EDC91FC5FFDC0065ED9F /* WannaEat?UITests.xctest */;
			productType = "com.apple.product-type.bundle.ui-testing";
		};
/* End PBXNativeTarget section */

/* Begin PBXProject section */
		3653ED9E1FC5FFDB0065ED9F /* Project object */ = {
			isa = PBXProject;
			attributes = {
				LastUpgradeCheck = 0910;
				ORGANIZATIONNAME = "Eleni Stavroglou";
				TargetAttributes = {
					3653EDA51FC5FFDB0065ED9F = {
						CreatedOnToolsVersion = 9.1;
						ProvisioningStyle = Automatic;
					};
					3653EDBD1FC5FFDC0065ED9F = {
						CreatedOnToolsVersion = 9.1;
						ProvisioningStyle = Automatic;
						TestTargetID = 3653EDA51FC5FFDB0065ED9F;
					};
					3653EDC81FC5FFDC0065ED9F = {
						CreatedOnToolsVersion = 9.1;
						ProvisioningStyle = Automatic;
						TestTargetID = 3653EDA51FC5FFDB0065ED9F;
					};
				};
			};
			buildConfigurationList = 3653EDA11FC5FFDB0065ED9F /* Build configuration list for PBXProject "WannaEat?" */;
			compatibilityVersion = "Xcode 8.0";
			developmentRegion = en;
			hasScannedForEncodings = 0;
			knownRegions = (
				en,
				Base,
			);
			mainGroup = 3653ED9D1FC5FFDB0065ED9F;
			productRefGroup = 3653EDA71FC5FFDC0065ED9F /* Products */;
			projectDirPath = "";
			projectRoot = "";
			targets = (
				3653EDA51FC5FFDB0065ED9F /* WannaEat? */,
				3653EDBD1FC5FFDC0065ED9F /* WannaEat?Tests */,
				3653EDC81FC5FFDC0065ED9F /* WannaEat?UITests */,
			);
		};
/* End PBXProject section */

/* Begin PBXResourcesBuildPhase section */
		3653EDA41FC5FFDB0065ED9F /* Resources */ = {
			isa = PBXResourcesBuildPhase;
			buildActionMask = 2147483647;
			files = (
				3684E81B1FC71C8700F43636 /* restaurant.png in Resources */,
				3684E8251FC74E1500F43636 /* Main.storyboard in Resources */,
				3653EDB61FC5FFDC0065ED9F /* LaunchScreen.storyboard in Resources */,
				3684E79C1FC7073500F43636 /* energy-food.jpg in Resources */,
				3653EDB31FC5FFDC0065ED9F /* Assets.xcassets in Resources */,
			);
			runOnlyForDeploymentPostprocessing = 0;
		};
		3653EDBC1FC5FFDC0065ED9F /* Resources */ = {
			isa = PBXResourcesBuildPhase;
			buildActionMask = 2147483647;
			files = (
			);
			runOnlyForDeploymentPostprocessing = 0;
		};
		3653EDC71FC5FFDC0065ED9F /* Resources */ = {
			isa = PBXResourcesBuildPhase;
			buildActionMask = 2147483647;
			files = (
			);
			runOnlyForDeploymentPostprocessing = 0;
		};
/* End PBXResourcesBuildPhase section */

/* Begin PBXSourcesBuildPhase section */
		3653EDA21FC5FFDB0065ED9F /* Sources */ = {
			isa = PBXSourcesBuildPhase;
			buildActionMask = 2147483647;
			files = (
				3661D5921FCC1F8D00DF413C /* FullRecipeViewController.m in Sources */,
				3684E7F21FC7102800F43636 /* SBJSON.m in Sources */,
				3684E7F51FC7102800F43636 /* SBJsonWriter.m in Sources */,
				3653EDAE1FC5FFDC0065ED9F /* ViewController.m in Sources */,
				3684E7AB1FC70B3F00F43636 /* MainViewController.m in Sources */,
				3684E7F71FC7102800F43636 /* NSObject+SBJSON.m in Sources */,
				3653EDB91FC5FFDC0065ED9F /* main.m in Sources */,
				3684E7F41FC7102800F43636 /* SBJsonParser.m in Sources */,
				3684E7FA1FC7106B00F43636 /* MainTableViewController.m in Sources */,
				3684E8231FC720A600F43636 /* myJson.m in Sources */,
				3684E7AE1FC70B8700F43636 /* recipe.m in Sources */,
				365D52061FD803E500D458CA /* MethodViewController.m in Sources */,
				3684E7F31FC7102800F43636 /* SBJsonBase.m in Sources */,
				3684E7F61FC7102800F43636 /* NSString+SBJSON.m in Sources */,
				3653EDAB1FC5FFDC0065ED9F /* AppDelegate.m in Sources */,
			);
			runOnlyForDeploymentPostprocessing = 0;
		};
		3653EDBA1FC5FFDC0065ED9F /* Sources */ = {
			isa = PBXSourcesBuildPhase;
			buildActionMask = 2147483647;
			files = (
				3653EDC31FC5FFDC0065ED9F /* WannaEat_Tests.m in Sources */,
			);
			runOnlyForDeploymentPostprocessing = 0;
		};
		3653EDC51FC5FFDC0065ED9F /* Sources */ = {
			isa = PBXSourcesBuildPhase;
			buildActionMask = 2147483647;
			files = (
				3653EDCE1FC5FFDC0065ED9F /* WannaEat_UITests.m in Sources */,
			);
			runOnlyForDeploymentPostprocessing = 0;
		};
/* End PBXSourcesBuildPhase section */

/* Begin PBXTargetDependency section */
		3653EDC01FC5FFDC0065ED9F /* PBXTargetDependency */ = {
			isa = PBXTargetDependency;
			target = 3653EDA51FC5FFDB0065ED9F /* WannaEat? */;
			targetProxy = 3653EDBF1FC5FFDC0065ED9F /* PBXContainerItemProxy */;
		};
		3653EDCB1FC5FFDC0065ED9F /* PBXTargetDependency */ = {
			isa = PBXTargetDependency;
			target = 3653EDA51FC5FFDB0065ED9F /* WannaEat? */;
			targetProxy = 3653EDCA1FC5FFDC0065ED9F /* PBXContainerItemProxy */;
		};
/* End PBXTargetDependency section */

/* Begin PBXVariantGroup section */
		3653EDB41FC5FFDC0065ED9F /* LaunchScreen.storyboard */ = {
			isa = PBXVariantGroup;
			children = (
				3653EDB51FC5FFDC0065ED9F /* Base */,
			);
			name = LaunchScreen.storyboard;
			sourceTree = "<group>";
		};
/* End PBXVariantGroup section */

/* Begin XCBuildConfiguration section */
		3653EDD01FC5FFDC0065ED9F /* Debug */ = {
			isa = XCBuildConfiguration;
			buildSettings = {
				ALWAYS_SEARCH_USER_PATHS = NO;
				CLANG_ANALYZER_NONNULL = YES;
				CLANG_ANALYZER_NUMBER_OBJECT_CONVERSION = YES_AGGRESSIVE;
				CLANG_CXX_LANGUAGE_STANDARD = "gnu++14";
				CLANG_CXX_LIBRARY = "libc++";
				CLANG_ENABLE_MODULES = YES;
				CLANG_ENABLE_OBJC_ARC = YES;
				CLANG_WARN_BLOCK_CAPTURE_AUTORELEASING = YES;
				CLANG_WARN_BOOL_CONVERSION = YES;
				CLANG_WARN_COMMA = YES;
				CLANG_WARN_CONSTANT_CONVERSION = YES;
				CLANG_WARN_DIRECT_OBJC_ISA_USAGE = YES_ERROR;
				CLANG_WARN_DOCUMENTATION_COMMENTS = YES;
				CLANG_WARN_EMPTY_BODY = YES;
				CLANG_WARN_ENUM_CONVERSION = YES;
				CLANG_WARN_INFINITE_RECURSION = YES;
				CLANG_WARN_INT_CONVERSION = YES;
				CLANG_WARN_NON_LITERAL_NULL_CONVERSION = YES;
				CLANG_WARN_OBJC_LITERAL_CONVERSION = YES;
				CLANG_WARN_OBJC_ROOT_CLASS = YES_ERROR;
				CLANG_WARN_RANGE_LOOP_ANALYSIS = YES;
				CLANG_WARN_STRICT_PROTOTYPES = YES;
				CLANG_WARN_SUSPICIOUS_MOVE = YES;
				CLANG_WARN_UNGUARDED_AVAILABILITY = YES_AGGRESSIVE;
				CLANG_WARN_UNREACHABLE_CODE = YES;
				CLANG_WARN__DUPLICATE_METHOD_MATCH = YES;
				CODE_SIGN_IDENTITY = "iPhone Developer";
				COPY_PHASE_STRIP = NO;
				DEBUG_INFORMATION_FORMAT = dwarf;
				ENABLE_STRICT_OBJC_MSGSEND = YES;
				ENABLE_TESTABILITY = YES;
				GCC_C_LANGUAGE_STANDARD = gnu11;
				GCC_DYNAMIC_NO_PIC = NO;
				GCC_NO_COMMON_BLOCKS = YES;
				GCC_OPTIMIZATION_LEVEL = 0;
				GCC_PREPROCESSOR_DEFINITIONS = (
					"DEBUG=1",
					"$(inherited)",
				);
				GCC_WARN_64_TO_32_BIT_CONVERSION = YES;
				GCC_WARN_ABOUT_RETURN_TYPE = YES_ERROR;
				GCC_WARN_UNDECLARED_SELECTOR = YES;
				GCC_WARN_UNINITIALIZED_AUTOS = YES_AGGRESSIVE;
				GCC_WARN_UNUSED_FUNCTION = YES;
				GCC_WARN_UNUSED_VARIABLE = YES;
				IPHONEOS_DEPLOYMENT_TARGET = 11.1;
				MTL_ENABLE_DEBUG_INFO = YES;
				ONLY_ACTIVE_ARCH = YES;
				SDKROOT = iphoneos;
			};
			name = Debug;
		};
		3653EDD11FC5FFDC0065ED9F /* Release */ = {
			isa = XCBuildConfiguration;
			buildSettings = {
				ALWAYS_SEARCH_USER_PATHS = NO;
				CLANG_ANALYZER_NONNULL = YES;
				CLANG_ANALYZER_NUMBER_OBJECT_CONVERSION = YES_AGGRESSIVE;
				CLANG_CXX_LANGUAGE_STANDARD = "gnu++14";
				CLANG_CXX_LIBRARY = "libc++";
				CLANG_ENABLE_MODULES = YES;
				CLANG_ENABLE_OBJC_ARC = YES;
				CLANG_WARN_BLOCK_CAPTURE_AUTORELEASING = YES;
				CLANG_WARN_BOOL_CONVERSION = YES;
				CLANG_WARN_COMMA = YES;
				CLANG_WARN_CONSTANT_CONVERSION = YES;
				CLANG_WARN_DIRECT_OBJC_ISA_USAGE = YES_ERROR;
				CLANG_WARN_DOCUMENTATION_COMMENTS = YES;
				CLANG_WARN_EMPTY_BODY = YES;
				CLANG_WARN_ENUM_CONVERSION = YES;
				CLANG_WARN_INFINITE_RECURSION = YES;
				CLANG_WARN_INT_CONVERSION = YES;
				CLANG_WARN_NON_LITERAL_NULL_CONVERSION = YES;
				CLANG_WARN_OBJC_LITERAL_CONVERSION = YES;
				CLANG_WARN_OBJC_ROOT_CLASS = YES_ERROR;
				CLANG_WARN_RANGE_LOOP_ANALYSIS = YES;
				CLANG_WARN_STRICT_PROTOTYPES = YES;
				CLANG_WARN_SUSPICIOUS_MOVE = YES;
				CLANG_WARN_UNGUARDED_AVAILABILITY = YES_AGGRESSIVE;
				CLANG_WARN_UNREACHABLE_CODE = YES;
				CLANG_WARN__DUPLICATE_METHOD_MATCH = YES;
				CODE_SIGN_IDENTITY = "iPhone Developer";
				COPY_PHASE_STRIP = NO;
				DEBUG_INFORMATION_FORMAT = "dwarf-with-dsym";
				ENABLE_NS_ASSERTIONS = NO;
				ENABLE_STRICT_OBJC_MSGSEND = YES;
				GCC_C_LANGUAGE_STANDARD = gnu11;
				GCC_NO_COMMON_BLOCKS = YES;
				GCC_WARN_64_TO_32_BIT_CONVERSION = YES;
				GCC_WARN_ABOUT_RETURN_TYPE = YES_ERROR;
				GCC_WARN_UNDECLARED_SELECTOR = YES;
				GCC_WARN_UNINITIALIZED_AUTOS = YES_AGGRESSIVE;
				GCC_WARN_UNUSED_FUNCTION = YES;
				GCC_WARN_UNUSED_VARIABLE = YES;
				IPHONEOS_DEPLOYMENT_TARGET = 11.1;
				MTL_ENABLE_DEBUG_INFO = NO;
				SDKROOT = iphoneos;
				VALIDATE_PRODUCT = YES;
			};
			name = Release;
		};
		3653EDD31FC5FFDC0065ED9F /* Debug */ = {
			isa = XCBuildConfiguration;
			buildSettings = {
				ASSETCATALOG_COMPILER_APPICON_NAME = AppIcon;
				CODE_SIGN_STYLE = Automatic;
				DEVELOPMENT_TEAM = XWE7GBJWDK;
				INFOPLIST_FILE = "WannaEat?/Info.plist";
				LD_RUNPATH_SEARCH_PATHS = "$(inherited) @executable_path/Frameworks";
				PRODUCT_BUNDLE_IDENTIFIER = "University-of-Leeds.WannaEat-";
				PRODUCT_NAME = "$(TARGET_NAME)";
				TARGETED_DEVICE_FAMILY = "1,2";
			};
			name = Debug;
		};
		3653EDD41FC5FFDC0065ED9F /* Release */ = {
			isa = XCBuildConfiguration;
			buildSettings = {
				ASSETCATALOG_COMPILER_APPICON_NAME = AppIcon;
				CODE_SIGN_STYLE = Automatic;
				DEVELOPMENT_TEAM = XWE7GBJWDK;
				INFOPLIST_FILE = "WannaEat?/Info.plist";
				LD_RUNPATH_SEARCH_PATHS = "$(inherited) @executable_path/Frameworks";
				PRODUCT_BUNDLE_IDENTIFIER = "University-of-Leeds.WannaEat-";
				PRODUCT_NAME = "$(TARGET_NAME)";
				TARGETED_DEVICE_FAMILY = "1,2";
			};
			name = Release;
		};
		3653EDD61FC5FFDC0065ED9F /* Debug */ = {
			isa = XCBuildConfiguration;
			buildSettings = {
				BUNDLE_LOADER = "$(TEST_HOST)";
				CODE_SIGN_STYLE = Automatic;
				INFOPLIST_FILE = "WannaEat?Tests/Info.plist";
				LD_RUNPATH_SEARCH_PATHS = "$(inherited) @executable_path/Frameworks @loader_path/Frameworks";
				PRODUCT_BUNDLE_IDENTIFIER = "University-of-Leeds.WannaEat-Tests";
				PRODUCT_NAME = "$(TARGET_NAME)";
				TARGETED_DEVICE_FAMILY = "1,2";
				TEST_HOST = "$(BUILT_PRODUCTS_DIR)/WannaEat?.app/WannaEat?";
			};
			name = Debug;
		};
		3653EDD71FC5FFDC0065ED9F /* Release */ = {
			isa = XCBuildConfiguration;
			buildSettings = {
				BUNDLE_LOADER = "$(TEST_HOST)";
				CODE_SIGN_STYLE = Automatic;
				INFOPLIST_FILE = "WannaEat?Tests/Info.plist";
				LD_RUNPATH_SEARCH_PATHS = "$(inherited) @executable_path/Frameworks @loader_path/Frameworks";
				PRODUCT_BUNDLE_IDENTIFIER = "University-of-Leeds.WannaEat-Tests";
				PRODUCT_NAME = "$(TARGET_NAME)";
				TARGETED_DEVICE_FAMILY = "1,2";
				TEST_HOST = "$(BUILT_PRODUCTS_DIR)/WannaEat?.app/WannaEat?";
			};
			name = Release;
		};
		3653EDD91FC5FFDC0065ED9F /* Debug */ = {
			isa = XCBuildConfiguration;
			buildSettings = {
				CODE_SIGN_STYLE = Automatic;
				INFOPLIST_FILE = "WannaEat?UITests/Info.plist";
				LD_RUNPATH_SEARCH_PATHS = "$(inherited) @executable_path/Frameworks @loader_path/Frameworks";
				PRODUCT_BUNDLE_IDENTIFIER = "University-of-Leeds.WannaEat-UITests";
				PRODUCT_NAME = "$(TARGET_NAME)";
				TARGETED_DEVICE_FAMILY = "1,2";
				TEST_TARGET_NAME = "WannaEat?";
			};
			name = Debug;
		};
		3653EDDA1FC5FFDC0065ED9F /* Release */ = {
			isa = XCBuildConfiguration;
			buildSettings = {
				CODE_SIGN_STYLE = Automatic;
				INFOPLIST_FILE = "WannaEat?UITests/Info.plist";
				LD_RUNPATH_SEARCH_PATHS = "$(inherited) @executable_path/Frameworks @loader_path/Frameworks";
				PRODUCT_BUNDLE_IDENTIFIER = "University-of-Leeds.WannaEat-UITests";
				PRODUCT_NAME = "$(TARGET_NAME)";
				TARGETED_DEVICE_FAMILY = "1,2";
				TEST_TARGET_NAME = "WannaEat?";
			};
			name = Release;
		};
/* End XCBuildConfiguration section */

/* Begin XCConfigurationList section */
		3653EDA11FC5FFDB0065ED9F /* Build configuration list for PBXProject "WannaEat?" */ = {
			isa = XCConfigurationList;
			buildConfigurations = (
				3653EDD01FC5FFDC0065ED9F /* Debug */,
				3653EDD11FC5FFDC0065ED9F /* Release */,
			);
			defaultConfigurationIsVisible = 0;
			defaultConfigurationName = Release;
		};
		3653EDD21FC5FFDC0065ED9F /* Build configuration list for PBXNativeTarget "WannaEat?" */ = {
			isa = XCConfigurationList;
			buildConfigurations = (
				3653EDD31FC5FFDC0065ED9F /* Debug */,
				3653EDD41FC5FFDC0065ED9F /* Release */,
			);
			defaultConfigurationIsVisible = 0;
			defaultConfigurationName = Release;
		};
		3653EDD51FC5FFDC0065ED9F /* Build configuration list for PBXNativeTarget "WannaEat?Tests" */ = {
			isa = XCConfigurationList;
			buildConfigurations = (
				3653EDD61FC5FFDC0065ED9F /* Debug */,
				3653EDD71FC5FFDC0065ED9F /* Release */,
			);
			defaultConfigurationIsVisible = 0;
			defaultConfigurationName = Release;
		};
		3653EDD81FC5FFDC0065ED9F /* Build configuration list for PBXNativeTarget "WannaEat?UITests" */ = {
			isa = XCConfigurationList;
			buildConfigurations = (
				3653EDD91FC5FFDC0065ED9F /* Debug */,
				3653EDDA1FC5FFDC0065ED9F /* Release */,
			);
			defaultConfigurationIsVisible = 0;
			defaultConfigurationName = Release;
		};
/* End XCConfigurationList section */
	};
	rootObject = 3653ED9E1FC5FFDB0065ED9F /* Project object */;
}
